github.com/go-pay/bm v0.0.1 h1:F2d1KhrupJr7yGPCQTVeYjeOJwN35WhoofopSm6undY=
github.com/go-pay/bm v0.0.1/go.mod h1:/6bIb0yBj8JbATmE+ib41me4RikMGN3f/XSDF5FjsPQ=
github.com/go-pay/util v0.0.2 h1:goJ4f6kNY5zzdtg1Cj8oWC+Cw7bfg/qq2rJangMAb9U=
github.com/go-pay/util v0.0.2/go.mod h1:qM8VbyF1n7YAPZBSJONSPMPsPedhUTktewUAdf1AjPg=
github.com/go-pay/xhttp v0.0.2 h1:O8rnd/d03WsboFtUthwFMg61ikHRfYHyD1m0JiUx60g=
github.com/go-pay/xhttp v0.0.2/go.mod h1:BnuvXpLKkXTFMOBc5MTb0hxdrstwunbzQPJUZOsNbt4=
github.com/go-pay/xlog v0.0.2 h1:kUg5X8/5VZAPDg1J5eGjA3MG0/H5kK6Ew0dW/Bycsws=
github.com/go-pay/xlog v0.0.2/go.mod h1:DbjMADPK4+Sjxj28ekK9goqn4zmyY4hql/zRiab+S9E=
